
Microsoft Visual Studio Solution File, Format Version 12.00
# Visual Studio Version 17
VisualStudioVersion = 17.7.34031.279
MinimumVisualStudioVersion = 10.0.40219.1
Project("{FAE04EC0-301F-11D3-BF4B-00C04F79EFBC}") = "Examen_Diagnostico", "Examen_Diagnostico\Examen_Diagnostico.csproj", "{7174944F-AC82-460A-A906-DD9011391005}"
EndProject
Global
	GlobalSection(SolutionConfigurationPlatforms) = preSolution
		Debug|Any CPU = Debug|Any CPU
		Release|Any CPU = Release|Any CPU
	EndGlobalSection
	GlobalSection(ProjectConfigurationPlatforms) = postSolution
		{7174944F-AC82-460A-A906-DD9011391005}.Debug|Any CPU.ActiveCfg = Debug|Any CPU
		{7174944F-AC82-460A-A906-DD9011391005}.Debug|Any CPU.Build.0 = Debug|Any CPU
		{7174944F-AC82-460A-A906-DD9011391005}.Release|Any CPU.ActiveCfg = Release|Any CPU
		{7174944F-AC82-460A-A906-DD9011391005}.Release|Any CPU.Build.0 = Release|Any CPU
	EndGlobalSection
	GlobalSection(SolutionProperties) = preSolution
		HideSolutionNode = FALSE
	EndGlobalSection
	GlobalSection(ExtensibilityGlobals) = postSolution
		SolutionGuid = {82CEFF6F-AF6A-401D-869F-83EA6477F896}
	EndGlobalSection
EndGlobal
