
Microsoft Visual Studio Solution File, Format Version 12.00
# Visual Studio Version 17
VisualStudioVersion = 17.7.34031.279
MinimumVisualStudioVersion = 10.0.40219.1
Project("{FAE04EC0-301F-11D3-BF4B-00C04F79EFBC}") = "8_Puzzle", "8_Puzzle\8_Puzzle.csproj", "{60A303EB-26C0-4DE0-9D14-B6E89E459CEA}"
EndProject
Global
	GlobalSection(SolutionConfigurationPlatforms) = preSolution
		Debug|Any CPU = Debug|Any CPU
		Release|Any CPU = Release|Any CPU
	EndGlobalSection
	GlobalSection(ProjectConfigurationPlatforms) = postSolution
		{60A303EB-26C0-4DE0-9D14-B6E89E459CEA}.Debug|Any CPU.ActiveCfg = Debug|Any CPU
		{60A303EB-26C0-4DE0-9D14-B6E89E459CEA}.Debug|Any CPU.Build.0 = Debug|Any CPU
		{60A303EB-26C0-4DE0-9D14-B6E89E459CEA}.Release|Any CPU.ActiveCfg = Release|Any CPU
		{60A303EB-26C0-4DE0-9D14-B6E89E459CEA}.Release|Any CPU.Build.0 = Release|Any CPU
	EndGlobalSection
	GlobalSection(SolutionProperties) = preSolution
		HideSolutionNode = FALSE
	EndGlobalSection
	GlobalSection(ExtensibilityGlobals) = postSolution
		SolutionGuid = {5F8C4C54-4666-4036-9482-2DB8C91256B0}
	EndGlobalSection
EndGlobal
